
Microsoft Visual Studio Solution File, Format Version 12.00
# Visual Studio Version 17
VisualStudioVersion = 17.0.31815.197
MinimumVisualStudioVersion = 10.0.40219.1
Project("{9A19103F-16F7-4668-BE54-9A1E7A4F7556}") = "CQRSWithCSharp10AndNET6", "CQRSWithCSharp10AndNET6\CQRSWithCSharp10AndNET6.csproj", "{8D673ECC-7623-4A79-9BD8-3F8B4851F5BD}"
EndProject
Project("{FAE04EC0-301F-11D3-BF4B-00C04F79EFBC}") = "CQRS-With-CSharp10-And-NET6", "CQRS-With-CSharp10-And-NET6\CQRS-With-CSharp10-And-NET6.csproj", "{240CFF63-FFBE-4509-B9DD-5395FAB525B8}"
EndProject
Project("{FAE04EC0-301F-11D3-BF4B-00C04F79EFBC}") = "Example.Domain", "Example.Domain\Example.Domain.csproj", "{E77BF492-604A-4771-8AC3-47503F3BF651}"
EndProject
Project("{2150E333-8FDC-42A3-9474-1A3956D46DE8}") = "Core", "Core", "{60995611-AEFE-4307-B8D6-74D92F6B9A72}"
EndProject
Project("{2150E333-8FDC-42A3-9474-1A3956D46DE8}") = "Infrastructure", "Infrastructure", "{1B4D50DA-6B1D-46C0-AF6E-140C2C6579C2}"
EndProject
Project("{FAE04EC0-301F-11D3-BF4B-00C04F79EFBC}") = "Example.Infrastructure.Dummy", "Example.Infrastructure.Dummy\Example.Infrastructure.Dummy.csproj", "{EA17D482-6B2F-45D2-A431-44B6FB513600}"
EndProject
Project("{FAE04EC0-301F-11D3-BF4B-00C04F79EFBC}") = "Example.ApplicationCore", "Example.ApplicationCore\Example.ApplicationCore.csproj", "{1200C42E-FFD1-484F-BC9D-E82A96405B98}"
EndProject
Project("{FAE04EC0-301F-11D3-BF4B-00C04F79EFBC}") = "Example.ApplicationCore.Configuration", "Example.ApplicationCore.Configuration\Example.ApplicationCore.Configuration.csproj", "{492C1D6C-A5E5-477A-BE96-CEA85ED9E2DE}"
EndProject
Global
	GlobalSection(SolutionConfigurationPlatforms) = preSolution
		Debug|Any CPU = Debug|Any CPU
		Release|Any CPU = Release|Any CPU
	EndGlobalSection
	GlobalSection(ProjectConfigurationPlatforms) = postSolution
		{8D673ECC-7623-4A79-9BD8-3F8B4851F5BD}.Debug|Any CPU.ActiveCfg = Debug|Any CPU
		{8D673ECC-7623-4A79-9BD8-3F8B4851F5BD}.Debug|Any CPU.Build.0 = Debug|Any CPU
		{8D673ECC-7623-4A79-9BD8-3F8B4851F5BD}.Release|Any CPU.ActiveCfg = Release|Any CPU
		{8D673ECC-7623-4A79-9BD8-3F8B4851F5BD}.Release|Any CPU.Build.0 = Release|Any CPU
		{240CFF63-FFBE-4509-B9DD-5395FAB525B8}.Debug|Any CPU.ActiveCfg = Debug|Any CPU
		{240CFF63-FFBE-4509-B9DD-5395FAB525B8}.Debug|Any CPU.Build.0 = Debug|Any CPU
		{240CFF63-FFBE-4509-B9DD-5395FAB525B8}.Release|Any CPU.ActiveCfg = Release|Any CPU
		{240CFF63-FFBE-4509-B9DD-5395FAB525B8}.Release|Any CPU.Build.0 = Release|Any CPU
		{E77BF492-604A-4771-8AC3-47503F3BF651}.Debug|Any CPU.ActiveCfg = Debug|Any CPU
		{E77BF492-604A-4771-8AC3-47503F3BF651}.Debug|Any CPU.Build.0 = Debug|Any CPU
		{E77BF492-604A-4771-8AC3-47503F3BF651}.Release|Any CPU.ActiveCfg = Release|Any CPU
		{E77BF492-604A-4771-8AC3-47503F3BF651}.Release|Any CPU.Build.0 = Release|Any CPU
		{EA17D482-6B2F-45D2-A431-44B6FB513600}.Debug|Any CPU.ActiveCfg = Debug|Any CPU
		{EA17D482-6B2F-45D2-A431-44B6FB513600}.Debug|Any CPU.Build.0 = Debug|Any CPU
		{EA17D482-6B2F-45D2-A431-44B6FB513600}.Release|Any CPU.ActiveCfg = Release|Any CPU
		{EA17D482-6B2F-45D2-A431-44B6FB513600}.Release|Any CPU.Build.0 = Release|Any CPU
		{1200C42E-FFD1-484F-BC9D-E82A96405B98}.Debug|Any CPU.ActiveCfg = Debug|Any CPU
		{1200C42E-FFD1-484F-BC9D-E82A96405B98}.Debug|Any CPU.Build.0 = Debug|Any CPU
		{1200C42E-FFD1-484F-BC9D-E82A96405B98}.Release|Any CPU.ActiveCfg = Release|Any CPU
		{1200C42E-FFD1-484F-BC9D-E82A96405B98}.Release|Any CPU.Build.0 = Release|Any CPU
		{492C1D6C-A5E5-477A-BE96-CEA85ED9E2DE}.Debug|Any CPU.ActiveCfg = Debug|Any CPU
		{492C1D6C-A5E5-477A-BE96-CEA85ED9E2DE}.Debug|Any CPU.Build.0 = Debug|Any CPU
		{492C1D6C-A5E5-477A-BE96-CEA85ED9E2DE}.Release|Any CPU.ActiveCfg = Release|Any CPU
		{492C1D6C-A5E5-477A-BE96-CEA85ED9E2DE}.Release|Any CPU.Build.0 = Release|Any CPU
	EndGlobalSection
	GlobalSection(SolutionProperties) = preSolution
		HideSolutionNode = FALSE
	EndGlobalSection
	GlobalSection(NestedProjects) = preSolution
		{E77BF492-604A-4771-8AC3-47503F3BF651} = {60995611-AEFE-4307-B8D6-74D92F6B9A72}
		{EA17D482-6B2F-45D2-A431-44B6FB513600} = {1B4D50DA-6B1D-46C0-AF6E-140C2C6579C2}
		{1200C42E-FFD1-484F-BC9D-E82A96405B98} = {60995611-AEFE-4307-B8D6-74D92F6B9A72}
		{492C1D6C-A5E5-477A-BE96-CEA85ED9E2DE} = {60995611-AEFE-4307-B8D6-74D92F6B9A72}
	EndGlobalSection
	GlobalSection(ExtensibilityGlobals) = postSolution
		SolutionGuid = {89A5D5AE-49DB-4715-ABFA-63C9B30C7754}
	EndGlobalSection
EndGlobal
